// !$*UTF8*$!
{
	archiveVersion = 1;
	classes = {
	};
	objectVersion = 77;
	objects = {

/* Begin PBXContainerItemProxy section */
		8C429E942DFF25D900237297 /* PBXContainerItemProxy */ = {
			isa = PBXContainerItemProxy;
			containerPortal = 8C429E7D2DFF25D700237297 /* Project object */;
			proxyType = 1;
			remoteGlobalIDString = 8C429E842DFF25D700237297;
			remoteInfo = sysdashv1;
		};
		8C429E9E2DFF25D900237297 /* PBXContainerItemProxy */ = {
			isa = PBXContainerItemProxy;
			containerPortal = 8C429E7D2DFF25D700237297 /* Project object */;
			proxyType = 1;
			remoteGlobalIDString = 8C429E842DFF25D700237297;
			remoteInfo = sysdashv1;
		};
/* End PBXContainerItemProxy section */

/* Begin PBXFileReference section */
		8C429E852DFF25D700237297 /* sysdashv1.app */ = {isa = PBXFileReference; explicitFileType = wrapper.application; includeInIndex = 0; path = sysdashv1.app; sourceTree = BUILT_PRODUCTS_DIR; };
		8C429E932DFF25D900237297 /* sysdashv1Tests.xctest */ = {isa = PBXFileReference; explicitFileType = wrapper.cfbundle; includeInIndex = 0; path = sysdashv1Tests.xctest; sourceTree = BUILT_PRODUCTS_DIR; };
		8C429E9D2DFF25D900237297 /* sysdashv1UITests.xctest */ = {isa = PBXFileReference; explicitFileType = wrapper.cfbundle; includeInIndex = 0; path = sysdashv1UITests.xctest; sourceTree = BUILT_PRODUCTS_DIR; };
/* End PBXFileReference section */

/* Begin PBXFileSystemSynchronizedBuildFileExceptionSet section */
		8CF5F5182E23DF620083EB82 /* Exceptions for "sysdashv1" folder in "sysdashv1" target */ = {
			isa = PBXFileSystemSynchronizedBuildFileExceptionSet;
			membershipExceptions = (
				Info.plist,
			);
			target = 8C429E842DFF25D700237297 /* sysdashv1 */;
		};
/* End PBXFileSystemSynchronizedBuildFileExceptionSet section */

/* Begin PBXFileSystemSynchronizedRootGroup section */
		8C429E872DFF25D700237297 /* sysdashv1 */ = {
			isa = PBXFileSystemSynchronizedRootGroup;
			exceptions = (
				8CF5F5182E23DF620083EB82 /* Exceptions for "sysdashv1" folder in "sysdashv1" target */,
			);
			path = sysdashv1;
			sourceTree = "<group>";
		};
/* End PBXFileSystemSynchronizedRootGroup section */

/* Begin PBXFrameworksBuildPhase section */
		8C429E822DFF25D700237297 /* Frameworks */ = {
			isa = PBXFrameworksBuildPhase;
			buildActionMask = 2147483647;
			files = (
			);
			runOnlyForDeploymentPostprocessing = 0;
		};
		8C429E902DFF25D900237297 /* Frameworks */ = {
			isa = PBXFrameworksBuildPhase;
			buildActionMask = 2147483647;
			files = (
			);
			runOnlyForDeploymentPostprocessing = 0;
		};
		8C429E9A2DFF25D900237297 /* Frameworks */ = {
			isa = PBXFrameworksBuildPhase;
			buildActionMask = 2147483647;
			files = (
			);
			runOnlyForDeploymentPostprocessing = 0;
		};
/* End PBXFrameworksBuildPhase section */

/* Begin PBXGroup section */
		8C429E7C2DFF25D700237297 = {
			isa = PBXGroup;
			children = (
				8C429E872DFF25D700237297 /* sysdashv1 */,
				8C429E862DFF25D700237297 /* Products */,
			);
			sourceTree = "<group>";
		};
		8C429E862DFF25D700237297 /* Products */ = {
			isa = PBXGroup;
			children = (
				8C429E852DFF25D700237297 /* sysdashv1.app */,
				8C429E932DFF25D900237297 /* sysdashv1Tests.xctest */,
				8C429E9D2DFF25D900237297 /* sysdashv1UITests.xctest */,
			);
			name = Products;
			sourceTree = "<group>";
		};
/* End PBXGroup section */

/* Begin PBXNativeTarget section */
		8C429E842DFF25D700237297 /* sysdashv1 */ = {
			isa = PBXNativeTarget;
			buildConfigurationList = 8C429EA72DFF25D900237297 /* Build configuration list for PBXNativeTarget "sysdashv1" */;
			buildPhases = (
				8C429E812DFF25D700237297 /* Sources */,
				8C429E822DFF25D700237297 /* Frameworks */,
				8C429E832DFF25D700237297 /* Resources */,
			);
			buildRules = (
			);
			dependencies = (
			);
			fileSystemSynchronizedGroups = (
				8C429E872DFF25D700237297 /* sysdashv1 */,
			);
			name = sysdashv1;
			packageProductDependencies = (
			);
			productName = sysdashv1;
			productReference = 8C429E852DFF25D700237297 /* sysdashv1.app */;
			productType = "com.apple.product-type.application";
		};
		8C429E922DFF25D900237297 /* sysdashv1Tests */ = {
			isa = PBXNativeTarget;
			buildConfigurationList = 8C429EAA2DFF25D900237297 /* Build configuration list for PBXNativeTarget "sysdashv1Tests" */;
			buildPhases = (
				8C429E8F2DFF25D900237297 /* Sources */,
				8C429E902DFF25D900237297 /* Frameworks */,
				8C429E912DFF25D900237297 /* Resources */,
			);
			buildRules = (
			);
			dependencies = (
				8C429E952DFF25D900237297 /* PBXTargetDependency */,
			);
			name = sysdashv1Tests;
			packageProductDependencies = (
			);
			productName = sysdashv1Tests;
			productReference = 8C429E932DFF25D900237297 /* sysdashv1Tests.xctest */;
			productType = "com.apple.product-type.bundle.unit-test";
		};
		8C429E9C2DFF25D900237297 /* sysdashv1UITests */ = {
			isa = PBXNativeTarget;
			buildConfigurationList = 8C429EAD2DFF25D900237297 /* Build configuration list for PBXNativeTarget "sysdashv1UITests" */;
			buildPhases = (
				8C429E992DFF25D900237297 /* Sources */,
				8C429E9A2DFF25D900237297 /* Frameworks */,
				8C429E9B2DFF25D900237297 /* Resources */,
			);
			buildRules = (
			);
			dependencies = (
				8C429E9F2DFF25D900237297 /* PBXTargetDependency */,
			);
			name = sysdashv1UITests;
			packageProductDependencies = (
			);
			productName = sysdashv1UITests;
			productReference = 8C429E9D2DFF25D900237297 /* sysdashv1UITests.xctest */;
			productType = "com.apple.product-type.bundle.ui-testing";
		};
/* End PBXNativeTarget section */

/* Begin PBXProject section */
		8C429E7D2DFF25D700237297 /* Project object */ = {
			isa = PBXProject;
			attributes = {
				BuildIndependentTargetsInParallel = 1;
				LastSwiftUpdateCheck = 1640;
				LastUpgradeCheck = 1640;
				TargetAttributes = {
					8C429E842DFF25D700237297 = {
						CreatedOnToolsVersion = 16.4;
					};
					8C429E922DFF25D900237297 = {
						CreatedOnToolsVersion = 16.4;
						TestTargetID = 8C429E842DFF25D700237297;
					};
					8C429E9C2DFF25D900237297 = {
						CreatedOnToolsVersion = 16.4;
						TestTargetID = 8C429E842DFF25D700237297;
					};
				};
			};
			buildConfigurationList = 8C429E802DFF25D700237297 /* Build configuration list for PBXProject "sysdashv1" */;
			developmentRegion = en;
			hasScannedForEncodings = 0;
			knownRegions = (
				en,
				Base,
			);
			mainGroup = 8C429E7C2DFF25D700237297;
			minimizedProjectReferenceProxies = 1;
			preferredProjectObjectVersion = 77;
			productRefGroup = 8C429E862DFF25D700237297 /* Products */;
			projectDirPath = "";
			projectRoot = "";
			targets = (
				8C429E842DFF25D700237297 /* sysdashv1 */,
				8C429E922DFF25D900237297 /* sysdashv1Tests */,
				8C429E9C2DFF25D900237297 /* sysdashv1UITests */,
			);
		};
/* End PBXProject section */

/* Begin PBXResourcesBuildPhase section */
		8C429E832DFF25D700237297 /* Resources */ = {
			isa = PBXResourcesBuildPhase;
			buildActionMask = 2147483647;
			files = (
			);
			runOnlyForDeploymentPostprocessing = 0;
		};
		8C429E912DFF25D900237297 /* Resources */ = {
			isa = PBXResourcesBuildPhase;
			buildActionMask = 2147483647;
			files = (
			);
			runOnlyForDeploymentPostprocessing = 0;
		};
		8C429E9B2DFF25D900237297 /* Resources */ = {
			isa = PBXResourcesBuildPhase;
			buildActionMask = 2147483647;
			files = (
			);
			runOnlyForDeploymentPostprocessing = 0;
		};
/* End PBXResourcesBuildPhase section */

/* Begin PBXSourcesBuildPhase section */
		8C429E812DFF25D700237297 /* Sources */ = {
			isa = PBXSourcesBuildPhase;
			buildActionMask = 2147483647;
			files = (
			);
			runOnlyForDeploymentPostprocessing = 0;
		};
		8C429E8F2DFF25D900237297 /* Sources */ = {
			isa = PBXSourcesBuildPhase;
			buildActionMask = 2147483647;
			files = (
			);
			runOnlyForDeploymentPostprocessing = 0;
		};
		8C429E992DFF25D900237297 /* Sources */ = {
			isa = PBXSourcesBuildPhase;
			buildActionMask = 2147483647;
			files = (
			);
			runOnlyForDeploymentPostprocessing = 0;
		};
/* End PBXSourcesBuildPhase section */

/* Begin PBXTargetDependency section */
		8C429E952DFF25D900237297 /* PBXTargetDependency */ = {
			isa = PBXTargetDependency;
			target = 8C429E842DFF25D700237297 /* sysdashv1 */;
			targetProxy = 8C429E942DFF25D900237297 /* PBXContainerItemProxy */;
		};
		8C429E9F2DFF25D900237297 /* PBXTargetDependency */ = {
			isa = PBXTargetDependency;
			target = 8C429E842DFF25D700237297 /* sysdashv1 */;
			targetProxy = 8C429E9E2DFF25D900237297 /* PBXContainerItemProxy */;
		};
/* End PBXTargetDependency section */

/* Begin XCBuildConfiguration section */
		8C429EA52DFF25D900237297 /* Debug */ = {
			isa = XCBuildConfiguration;
			buildSettings = {
				ALWAYS_SEARCH_USER_PATHS = NO;
				ASSETCATALOG_COMPILER_GENERATE_SWIFT_ASSET_SYMBOL_EXTENSIONS = YES;
				CLANG_ANALYZER_NONNULL = YES;
				CLANG_ANALYZER_NUMBER_OBJECT_CONVERSION = YES_AGGRESSIVE;
				CLANG_CXX_LANGUAGE_STANDARD = "gnu++20";
				CLANG_ENABLE_MODULES = YES;
				CLANG_ENABLE_OBJC_ARC = YES;
				CLANG_ENABLE_OBJC_WEAK = YES;
				CLANG_WARN_BLOCK_CAPTURE_AUTORELEASING = YES;
				CLANG_WARN_BOOL_CONVERSION = YES;
				CLANG_WARN_COMMA = YES;
				CLANG_WARN_CONSTANT_CONVERSION = YES;
				CLANG_WARN_DEPRECATED_OBJC_IMPLEMENTATIONS = YES;
				CLANG_WARN_DIRECT_OBJC_ISA_USAGE = YES_ERROR;
				CLANG_WARN_DOCUMENTATION_COMMENTS = YES;
				CLANG_WARN_EMPTY_BODY = YES;
				CLANG_WARN_ENUM_CONVERSION = YES;
				CLANG_WARN_INFINITE_RECURSION = YES;
				CLANG_WARN_INT_CONVERSION = YES;
				CLANG_WARN_NON_LITERAL_NULL_CONVERSION = YES;
				CLANG_WARN_OBJC_IMPLICIT_RETAIN_SELF = YES;
				CLANG_WARN_OBJC_LITERAL_CONVERSION = YES;
				CLANG_WARN_OBJC_ROOT_CLASS = YES_ERROR;
				CLANG_WARN_QUOTED_INCLUDE_IN_FRAMEWORK_HEADER = YES;
				CLANG_WARN_RANGE_LOOP_ANALYSIS = YES;
				CLANG_WARN_STRICT_PROTOTYPES = YES;
				CLANG_WARN_SUSPICIOUS_MOVE = YES;
				CLANG_WARN_UNGUARDED_AVAILABILITY = YES_AGGRESSIVE;
				CLANG_WARN_UNREACHABLE_CODE = YES;
				CLANG_WARN__DUPLICATE_METHOD_MATCH = YES;
				COPY_PHASE_STRIP = NO;
				DEBUG_INFORMATION_FORMAT = dwarf;
				ENABLE_STRICT_OBJC_MSGSEND = YES;
				ENABLE_TESTABILITY = YES;
				ENABLE_USER_SCRIPT_SANDBOXING = YES;
				GCC_C_LANGUAGE_STANDARD = gnu17;
				GCC_DYNAMIC_NO_PIC = NO;
				GCC_NO_COMMON_BLOCKS = YES;
				GCC_OPTIMIZATION_LEVEL = 0;
				GCC_PREPROCESSOR_DEFINITIONS = (
					"DEBUG=1",
					"$(inherited)",
				);
				GCC_WARN_64_TO_32_BIT_CONVERSION = YES;
				GCC_WARN_ABOUT_RETURN_TYPE = YES_ERROR;
				GCC_WARN_UNDECLARED_SELECTOR = YES;
				GCC_WARN_UNINITIALIZED_AUTOS = YES_AGGRESSIVE;
				GCC_WARN_UNUSED_FUNCTION = YES;
				GCC_WARN_UNUSED_VARIABLE = YES;
				LOCALIZATION_PREFERS_STRING_CATALOGS = YES;
				MACOSX_DEPLOYMENT_TARGET = 15.5;
				MTL_ENABLE_DEBUG_INFO = INCLUDE_SOURCE;
				MTL_FAST_MATH = YES;
				ONLY_ACTIVE_ARCH = YES;
				SDKROOT = macosx;
				SWIFT_ACTIVE_COMPILATION_CONDITIONS = "DEBUG $(inherited)";
				SWIFT_OPTIMIZATION_LEVEL = "-Onone";
			};
			name = Debug;
		};
		8C429EA62DFF25D900237297 /* Release */ = {
			isa = XCBuildConfiguration;
			buildSettings = {
				ALWAYS_SEARCH_USER_PATHS = NO;
				ASSETCATALOG_COMPILER_GENERATE_SWIFT_ASSET_SYMBOL_EXTENSIONS = YES;
				CLANG_ANALYZER_NONNULL = YES;
				CLANG_ANALYZER_NUMBER_OBJECT_CONVERSION = YES_AGGRESSIVE;
				CLANG_CXX_LANGUAGE_STANDARD = "gnu++20";
				CLANG_ENABLE_MODULES = YES;
				CLANG_ENABLE_OBJC_ARC = YES;
				CLANG_ENABLE_OBJC_WEAK = YES;
				CLANG_WARN_BLOCK_CAPTURE_AUTORELEASING = YES;
				CLANG_WARN_BOOL_CONVERSION = YES;
				CLANG_WARN_COMMA = YES;
				CLANG_WARN_CONSTANT_CONVERSION = YES;
				CLANG_WARN_DEPRECATED_OBJC_IMPLEMENTATIONS = YES;
				CLANG_WARN_DIRECT_OBJC_ISA_USAGE = YES_ERROR;
				CLANG_WARN_DOCUMENTATION_COMMENTS = YES;
				CLANG_WARN_EMPTY_BODY = YES;
				CLANG_WARN_ENUM_CONVERSION = YES;
				CLANG_WARN_INFINITE_RECURSION = YES;
				CLANG_WARN_INT_CONVERSION = YES;
				CLANG_WARN_NON_LITERAL_NULL_CONVERSION = YES;
				CLANG_WARN_OBJC_IMPLICIT_RETAIN_SELF = YES;
				CLANG_WARN_OBJC_LITERAL_CONVERSION = YES;
				CLANG_WARN_OBJC_ROOT_CLASS = YES_ERROR;
				CLANG_WARN_QUOTED_INCLUDE_IN_FRAMEWORK_HEADER = YES;
				CLANG_WARN_RANGE_LOOP_ANALYSIS = YES;
				CLANG_WARN_STRICT_PROTOTYPES = YES;
				CLANG_WARN_SUSPICIOUS_MOVE = YES;
				CLANG_WARN_UNGUARDED_AVAILABILITY = YES_AGGRESSIVE;
				CLANG_WARN_UNREACHABLE_CODE = YES;
				CLANG_WARN__DUPLICATE_METHOD_MATCH = YES;
				COPY_PHASE_STRIP = NO;
				DEBUG_INFORMATION_FORMAT = "dwarf-with-dsym";
				ENABLE_NS_ASSERTIONS = NO;
				ENABLE_STRICT_OBJC_MSGSEND = YES;
				ENABLE_USER_SCRIPT_SANDBOXING = YES;
				GCC_C_LANGUAGE_STANDARD = gnu17;
				GCC_NO_COMMON_BLOCKS = YES;
				GCC_WARN_64_TO_32_BIT_CONVERSION = YES;
				GCC_WARN_ABOUT_RETURN_TYPE = YES_ERROR;
				GCC_WARN_UNDECLARED_SELECTOR = YES;
				GCC_WARN_UNINITIALIZED_AUTOS = YES_AGGRESSIVE;
				GCC_WARN_UNUSED_FUNCTION = YES;
				GCC_WARN_UNUSED_VARIABLE = YES;
				LOCALIZATION_PREFERS_STRING_CATALOGS = YES;
				MACOSX_DEPLOYMENT_TARGET = 15.5;
				MTL_ENABLE_DEBUG_INFO = NO;
				MTL_FAST_MATH = YES;
				SDKROOT = macosx;
				SWIFT_COMPILATION_MODE = wholemodule;
			};
			name = Release;
		};
		8C429EA82DFF25D900237297 /* Debug */ = {
			isa = XCBuildConfiguration;
			buildSettings = {
				ASSETCATALOG_COMPILER_APPICON_NAME = AppIcon;
				ASSETCATALOG_COMPILER_GLOBAL_ACCENT_COLOR_NAME = AccentColor;
				CODE_SIGN_ENTITLEMENTS = sysdashv1/sysdashv1.entitlements;
				"CODE_SIGN_IDENTITY[sdk=macosx*]" = "-";
				CODE_SIGN_STYLE = Automatic;
				COMBINE_HIDPI_IMAGES = YES;
				CURRENT_PROJECT_VERSION = 1;
				ENABLE_PREVIEWS = YES;
				GENERATE_INFOPLIST_FILE = YES;
				INFOPLIST_FILE = sysdashv1/Info.plist;
				INFOPLIST_KEY_CFBundleDisplayName = "UP Sysdash";
				INFOPLIST_KEY_LSApplicationCategoryType = "public.app-category.utilities";
				INFOPLIST_KEY_NSHumanReadableCopyright = "";
				LD_RUNPATH_SEARCH_PATHS = (
					"$(inherited)",
					"@executable_path/../Frameworks",
				);
				MACOSX_DEPLOYMENT_TARGET = 12.4;
				MARKETING_VERSION = 1.0;
				PRODUCT_BUNDLE_IDENTIFIER = unboundplanet.sysdash;
				PRODUCT_NAME = "UP Sysdash";
				REGISTER_APP_GROUPS = YES;
				SWIFT_EMIT_LOC_STRINGS = NO;
				SWIFT_VERSION = 5.0;
			};
			name = Debug;
		};
		8C429EA92DFF25D900237297 /* Release */ = {
			isa = XCBuildConfiguration;
			buildSettings = {
				ASSETCATALOG_COMPILER_APPICON_NAME = AppIcon;
				ASSETCATALOG_COMPILER_GLOBAL_ACCENT_COLOR_NAME = AccentColor;
				CODE_SIGN_ENTITLEMENTS = sysdashv1/sysdashv1.entitlements;
				"CODE_SIGN_IDENTITY[sdk=macosx*]" = "-";
				CODE_SIGN_STYLE = Automatic;
				COMBINE_HIDPI_IMAGES = YES;
				CURRENT_PROJECT_VERSION = 1;
				ENABLE_PREVIEWS = YES;
				GENERATE_INFOPLIST_FILE = YES;
				INFOPLIST_FILE = sysdashv1/Info.plist;
				INFOPLIST_KEY_CFBundleDisplayName = "UP Sysdash";
				INFOPLIST_KEY_LSApplicationCategoryType = "public.app-category.utilities";
				INFOPLIST_KEY_NSHumanReadableCopyright = "";
				LD_RUNPATH_SEARCH_PATHS = (
					"$(inherited)",
					"@executable_path/../Frameworks",
				);
				MACOSX_DEPLOYMENT_TARGET = 12.4;
				MARKETING_VERSION = 1.0;
				PRODUCT_BUNDLE_IDENTIFIER = unboundplanet.sysdash;
				PRODUCT_NAME = "UP Sysdash";
				REGISTER_APP_GROUPS = YES;
				SWIFT_EMIT_LOC_STRINGS = NO;
				SWIFT_VERSION = 5.0;
			};
			name = Release;
		};
		8C429EAB2DFF25D900237297 /* Debug */ = {
			isa = XCBuildConfiguration;
			buildSettings = {
				BUNDLE_LOADER = "$(TEST_HOST)";
				CODE_SIGN_STYLE = Automatic;
				CURRENT_PROJECT_VERSION = 1;
				GENERATE_INFOPLIST_FILE = YES;
				MACOSX_DEPLOYMENT_TARGET = 15.5;
				MARKETING_VERSION = 1.0;
				PRODUCT_BUNDLE_IDENTIFIER = unboundplanet.sysdashTests;
				PRODUCT_NAME = "$(TARGET_NAME)";
				SWIFT_EMIT_LOC_STRINGS = NO;
				SWIFT_VERSION = 5.0;
				TEST_HOST = "$(BUILT_PRODUCTS_DIR)/sysdashv1.app/$(BUNDLE_EXECUTABLE_FOLDER_PATH)/sysdashv1";
			};
			name = Debug;
		};
		8C429EAC2DFF25D900237297 /* Release */ = {
			isa = XCBuildConfiguration;
			buildSettings = {
				BUNDLE_LOADER = "$(TEST_HOST)";
				CODE_SIGN_STYLE = Automatic;
				CURRENT_PROJECT_VERSION = 1;
				GENERATE_INFOPLIST_FILE = YES;
				MACOSX_DEPLOYMENT_TARGET = 15.5;
				MARKETING_VERSION = 1.0;
				PRODUCT_BUNDLE_IDENTIFIER = unboundplanet.sysdashTests;
				PRODUCT_NAME = "$(TARGET_NAME)";
				SWIFT_EMIT_LOC_STRINGS = NO;
				SWIFT_VERSION = 5.0;
				TEST_HOST = "$(BUILT_PRODUCTS_DIR)/sysdashv1.app/$(BUNDLE_EXECUTABLE_FOLDER_PATH)/sysdashv1";
			};
			name = Release;
		};
		8C429EAE2DFF25D900237297 /* Debug */ = {
			isa = XCBuildConfiguration;
			buildSettings = {
				CODE_SIGN_STYLE = Automatic;
				CURRENT_PROJECT_VERSION = 1;
				GENERATE_INFOPLIST_FILE = YES;
				MARKETING_VERSION = 1.0;
				PRODUCT_BUNDLE_IDENTIFIER = unboundplanet.sysdashUITests;
				PRODUCT_NAME = "$(TARGET_NAME)";
				SWIFT_EMIT_LOC_STRINGS = NO;
				SWIFT_VERSION = 5.0;
				TEST_TARGET_NAME = sysdashv1;
			};
			name = Debug;
		};
		8C429EAF2DFF25D900237297 /* Release */ = {
			isa = XCBuildConfiguration;
			buildSettings = {
				CODE_SIGN_STYLE = Automatic;
				CURRENT_PROJECT_VERSION = 1;
				GENERATE_INFOPLIST_FILE = YES;
				MARKETING_VERSION = 1.0;
				PRODUCT_BUNDLE_IDENTIFIER = unboundplanet.sysdashUITests;
				PRODUCT_NAME = "$(TARGET_NAME)";
				SWIFT_EMIT_LOC_STRINGS = NO;
				SWIFT_VERSION = 5.0;
				TEST_TARGET_NAME = sysdashv1;
			};
			name = Release;
		};
/* End XCBuildConfiguration section */

/* Begin XCConfigurationList section */
		8C429E802DFF25D700237297 /* Build configuration list for PBXProject "sysdashv1" */ = {
			isa = XCConfigurationList;
			buildConfigurations = (
				8C429EA52DFF25D900237297 /* Debug */,
				8C429EA62DFF25D900237297 /* Release */,
			);
			defaultConfigurationIsVisible = 0;
			defaultConfigurationName = Release;
		};
		8C429EA72DFF25D900237297 /* Build configuration list for PBXNativeTarget "sysdashv1" */ = {
			isa = XCConfigurationList;
			buildConfigurations = (
				8C429EA82DFF25D900237297 /* Debug */,
				8C429EA92DFF25D900237297 /* Release */,
			);
			defaultConfigurationIsVisible = 0;
			defaultConfigurationName = Release;
		};
		8C429EAA2DFF25D900237297 /* Build configuration list for PBXNativeTarget "sysdashv1Tests" */ = {
			isa = XCConfigurationList;
			buildConfigurations = (
				8C429EAB2DFF25D900237297 /* Debug */,
				8C429EAC2DFF25D900237297 /* Release */,
			);
			defaultConfigurationIsVisible = 0;
			defaultConfigurationName = Release;
		};
		8C429EAD2DFF25D900237297 /* Build configuration list for PBXNativeTarget "sysdashv1UITests" */ = {
			isa = XCConfigurationList;
			buildConfigurations = (
				8C429EAE2DFF25D900237297 /* Debug */,
				8C429EAF2DFF25D900237297 /* Release */,
			);
			defaultConfigurationIsVisible = 0;
			defaultConfigurationName = Release;
		};
/* End XCConfigurationList section */
	};
	rootObject = 8C429E7D2DFF25D700237297 /* Project object */;
}
